
Microsoft Visual Studio Solution File, Format Version 12.00
# Visual Studio 15
VisualStudioVersion = 15.0.28307.1684
MinimumVisualStudioVersion = 10.0.40219.1
Project("{FAE04EC0-301F-11D3-BF4B-00C04F79EFBC}") = "FirstConsoleApp_092", "FirstConsoleApp_092\FirstConsoleApp_092.csproj", "{A6ACAC92-5933-4FB3-9474-2E621FB18875}"
EndProject
Global
	GlobalSection(SolutionConfigurationPlatforms) = preSolution
		Debug|Any CPU = Debug|Any CPU
		Release|Any CPU = Release|Any CPU
	EndGlobalSection
	GlobalSection(ProjectConfigurationPlatforms) = postSolution
		{A6ACAC92-5933-4FB3-9474-2E621FB18875}.Debug|Any CPU.ActiveCfg = Debug|Any CPU
		{A6ACAC92-5933-4FB3-9474-2E621FB18875}.Debug|Any CPU.Build.0 = Debug|Any CPU
		{A6ACAC92-5933-4FB3-9474-2E621FB18875}.Release|Any CPU.ActiveCfg = Release|Any CPU
		{A6ACAC92-5933-4FB3-9474-2E621FB18875}.Release|Any CPU.Build.0 = Release|Any CPU
	EndGlobalSection
	GlobalSection(SolutionProperties) = preSolution
		HideSolutionNode = FALSE
	EndGlobalSection
	GlobalSection(ExtensibilityGlobals) = postSolution
		SolutionGuid = {0CF51048-86BE-49BB-8B25-A5FE8902D314}
	EndGlobalSection
EndGlobal
